
Microsoft Visual Studio Solution File, Format Version 12.00
# Visual Studio Version 17
VisualStudioVersion = 17.3.32901.215
MinimumVisualStudioVersion = 10.0.40219.1
Project("{9A19103F-16F7-4668-BE54-9A1E7A4F7556}") = "jaytwo.BrailleCharts", "src\jaytwo.BrailleCharts\jaytwo.BrailleCharts.csproj", "{5E07D0EB-2F67-4957-9D5B-6A55035A6212}"
EndProject
Project("{2150E333-8FDC-42A3-9474-1A3956D46DE8}") = "src", "src", "{7FB8087C-3131-406B-80B3-442B555FE577}"
EndProject
Project("{2150E333-8FDC-42A3-9474-1A3956D46DE8}") = "test", "test", "{541938C4-EEB7-4BDA-82E2-3137CBF2F72F}"
EndProject
Project("{FAE04EC0-301F-11D3-BF4B-00C04F79EFBC}") = "jaytwo.BrailleCharts.Tests", "test\jaytwo.BrailleCharts.Tests\jaytwo.BrailleCharts.Tests.csproj", "{C7478274-6098-486A-9338-ABA1ABBA0302}"
EndProject
Global
	GlobalSection(SolutionConfigurationPlatforms) = preSolution
		Debug|Any CPU = Debug|Any CPU
		Release|Any CPU = Release|Any CPU
	EndGlobalSection
	GlobalSection(ProjectConfigurationPlatforms) = postSolution
		{5E07D0EB-2F67-4957-9D5B-6A55035A6212}.Debug|Any CPU.ActiveCfg = Debug|Any CPU
		{5E07D0EB-2F67-4957-9D5B-6A55035A6212}.Debug|Any CPU.Build.0 = Debug|Any CPU
		{5E07D0EB-2F67-4957-9D5B-6A55035A6212}.Release|Any CPU.ActiveCfg = Release|Any CPU
		{5E07D0EB-2F67-4957-9D5B-6A55035A6212}.Release|Any CPU.Build.0 = Release|Any CPU
		{C7478274-6098-486A-9338-ABA1ABBA0302}.Debug|Any CPU.ActiveCfg = Debug|Any CPU
		{C7478274-6098-486A-9338-ABA1ABBA0302}.Debug|Any CPU.Build.0 = Debug|Any CPU
		{C7478274-6098-486A-9338-ABA1ABBA0302}.Release|Any CPU.ActiveCfg = Release|Any CPU
		{C7478274-6098-486A-9338-ABA1ABBA0302}.Release|Any CPU.Build.0 = Release|Any CPU
	EndGlobalSection
	GlobalSection(SolutionProperties) = preSolution
		HideSolutionNode = FALSE
	EndGlobalSection
	GlobalSection(NestedProjects) = preSolution
		{5E07D0EB-2F67-4957-9D5B-6A55035A6212} = {7FB8087C-3131-406B-80B3-442B555FE577}
		{C7478274-6098-486A-9338-ABA1ABBA0302} = {541938C4-EEB7-4BDA-82E2-3137CBF2F72F}
	EndGlobalSection
	GlobalSection(ExtensibilityGlobals) = postSolution
		SolutionGuid = {1C50F668-CF37-4681-B29D-BC7694436EEE}
	EndGlobalSection
EndGlobal
